// !$*UTF8*$!
{
	archiveVersion = 1;
	classes = {
	};
	objectVersion = 56;
	objects = {

/* Begin PBXBuildFile section */
		C0099DB72B9B9EA200DE67B8 /* SignUpVC.swift in Sources */ = {isa = PBXBuildFile; fileRef = C0099DB62B9B9EA200DE67B8 /* SignUpVC.swift */; };
		C0099DB92B9B9FBA00DE67B8 /* FavoriteVC.swift in Sources */ = {isa = PBXBuildFile; fileRef = C0099DB82B9B9FBA00DE67B8 /* FavoriteVC.swift */; };
		C020E74C2BF15B6400AA2A21 /* NewsAIVC.swift in Sources */ = {isa = PBXBuildFile; fileRef = C020E74B2BF15B6400AA2A21 /* NewsAIVC.swift */; };
		C020E74F2BF15D8500AA2A21 /* APIKey.swift in Sources */ = {isa = PBXBuildFile; fileRef = C020E74E2BF15D8500AA2A21 /* APIKey.swift */; };
		C020E7512BF15DAB00AA2A21 /* GenerativeAI-Info.plist in Resources */ = {isa = PBXBuildFile; fileRef = C020E7502BF15DAB00AA2A21 /* GenerativeAI-Info.plist */; };
		C02326482BD54D5D000FD9E5 /* CategoryViewModel.swift in Sources */ = {isa = PBXBuildFile; fileRef = C02326472BD54D5D000FD9E5 /* CategoryViewModel.swift */; };
		C02576442C023FC500C4E1CC /* StoriesViewModel.swift in Sources */ = {isa = PBXBuildFile; fileRef = C02576432C023FC500C4E1CC /* StoriesViewModel.swift */; };
		C02B2B5A2BCEC246005A57E7 /* NewsModel.xcdatamodeld in Sources */ = {isa = PBXBuildFile; fileRef = C02B2B582BCEC246005A57E7 /* NewsModel.xcdatamodeld */; };
		C02B2B642BCEE835005A57E7 /* CategoryVC.swift in Sources */ = {isa = PBXBuildFile; fileRef = C02B2B632BCEE835005A57E7 /* CategoryVC.swift */; };
		C02E5B062C0880760058C6C5 /* NewsAppTests.swift in Sources */ = {isa = PBXBuildFile; fileRef = C02E5B052C0880760058C6C5 /* NewsAppTests.swift */; };
		C0301DA22B8CFC1B00F49706 /* AppDelegate.swift in Sources */ = {isa = PBXBuildFile; fileRef = C0301DA12B8CFC1B00F49706 /* AppDelegate.swift */; };
		C0301DA42B8CFC1B00F49706 /* SceneDelegate.swift in Sources */ = {isa = PBXBuildFile; fileRef = C0301DA32B8CFC1B00F49706 /* SceneDelegate.swift */; };
		C0301DA62B8CFC1B00F49706 /* NewsVC.swift in Sources */ = {isa = PBXBuildFile; fileRef = C0301DA52B8CFC1B00F49706 /* NewsVC.swift */; };
		C0301DA92B8CFC1B00F49706 /* Main.storyboard in Resources */ = {isa = PBXBuildFile; fileRef = C0301DA72B8CFC1B00F49706 /* Main.storyboard */; };
		C0301DAB2B8CFC1C00F49706 /* Assets.xcassets in Resources */ = {isa = PBXBuildFile; fileRef = C0301DAA2B8CFC1C00F49706 /* Assets.xcassets */; };
		C0301DAE2B8CFC1C00F49706 /* LaunchScreen.storyboard in Resources */ = {isa = PBXBuildFile; fileRef = C0301DAC2B8CFC1C00F49706 /* LaunchScreen.storyboard */; };
		C0301DB62B8CFEDA00F49706 /* APICaller.swift in Sources */ = {isa = PBXBuildFile; fileRef = C0301DB52B8CFEDA00F49706 /* APICaller.swift */; };
		C0301DB82B8D048100F49706 /* NewsTableViewCell.swift in Sources */ = {isa = PBXBuildFile; fileRef = C0301DB72B8D048100F49706 /* NewsTableViewCell.swift */; };
		C035AC4D2BCFD0BA001996CB /* Category.swift in Sources */ = {isa = PBXBuildFile; fileRef = C035AC4C2BCFD0BA001996CB /* Category.swift */; };
		C035AC4F2BCFD104001996CB /* NewsSQLite.swift in Sources */ = {isa = PBXBuildFile; fileRef = C035AC4E2BCFD104001996CB /* NewsSQLite.swift */; };
		C035AC532BCFD30A001996CB /* CategoryDao.swift in Sources */ = {isa = PBXBuildFile; fileRef = C035AC522BCFD30A001996CB /* CategoryDao.swift */; };
		C035AC552BCFD32B001996CB /* NewsDao.swift in Sources */ = {isa = PBXBuildFile; fileRef = C035AC542BCFD32B001996CB /* NewsDao.swift */; };
		C035AC572BCFD8B4001996CB /* CategoryCollectionViewCell.swift in Sources */ = {isa = PBXBuildFile; fileRef = C035AC562BCFD8B4001996CB /* CategoryCollectionViewCell.swift */; };
		C035AC5E2BCFE7F8001996CB /* NewsSqlVC.swift in Sources */ = {isa = PBXBuildFile; fileRef = C035AC5D2BCFE7F8001996CB /* NewsSqlVC.swift */; };
		C035AC602BCFF023001996CB /* NewsSqlCell.swift in Sources */ = {isa = PBXBuildFile; fileRef = C035AC5F2BCFF023001996CB /* NewsSqlCell.swift */; };
		C035AC662BD0030A001996CB /* news.sqlite in Resources */ = {isa = PBXBuildFile; fileRef = C035AC652BD0030A001996CB /* news.sqlite */; };
		C04A19B72C1234020073DC85 /* Config.plist in Resources */ = {isa = PBXBuildFile; fileRef = C04A19B62C1234020073DC85 /* Config.plist */; };
		C05979022BA0C47D00683DEA /* NewsViewModel.swift in Sources */ = {isa = PBXBuildFile; fileRef = C05979012BA0C47D00683DEA /* NewsViewModel.swift */; };
		C05979042BA0C4A400683DEA /* NewsDaoRepository.swift in Sources */ = {isa = PBXBuildFile; fileRef = C05979032BA0C4A400683DEA /* NewsDaoRepository.swift */; };
		C05CE74D2B9BAA3C00145DB7 /* SignInVC.swift in Sources */ = {isa = PBXBuildFile; fileRef = C05CE74C2B9BAA3C00145DB7 /* SignInVC.swift */; };
		C061D9CE2BEF76B80005E337 /* NewsAppUITests.swift in Sources */ = {isa = PBXBuildFile; fileRef = C061D9CD2BEF76B80005E337 /* NewsAppUITests.swift */; };
		C061D9D02BEF76B80005E337 /* NewsAppUITestsLaunchTests.swift in Sources */ = {isa = PBXBuildFile; fileRef = C061D9CF2BEF76B80005E337 /* NewsAppUITestsLaunchTests.swift */; };
		C06E0E642BA08C8100D74406 /* RxSwift in Frameworks */ = {isa = PBXBuildFile; productRef = C06E0E632BA08C8100D74406 /* RxSwift */; };
		C06E0E672BA08CE100D74406 /* FavoriteDaoRepository.swift in Sources */ = {isa = PBXBuildFile; fileRef = C06E0E662BA08CE100D74406 /* FavoriteDaoRepository.swift */; };
		C06E0E6A2BA0905200D74406 /* FavoriteViewModel.swift in Sources */ = {isa = PBXBuildFile; fileRef = C06E0E692BA0905200D74406 /* FavoriteViewModel.swift */; };
		C079C5B82BF15F3C004EE6DC /* FirebaseFirestore in Frameworks */ = {isa = PBXBuildFile; productRef = C079C5B72BF15F3C004EE6DC /* FirebaseFirestore */; };
		C079C5BB2BF15F5D004EE6DC /* GoogleGenerativeAI in Frameworks */ = {isa = PBXBuildFile; productRef = C079C5BA2BF15F5D004EE6DC /* GoogleGenerativeAI */; };
		C07C76F62BCEEF7B0000CC1A /* FMDatabaseAdditions.m in Sources */ = {isa = PBXBuildFile; fileRef = C07C76EB2BCEEF7B0000CC1A /* FMDatabaseAdditions.m */; };
		C07C76F72BCEEF7B0000CC1A /* FMDatabasePool.m in Sources */ = {isa = PBXBuildFile; fileRef = C07C76F02BCEEF7B0000CC1A /* FMDatabasePool.m */; };
		C07C76F82BCEEF7B0000CC1A /* FMResultSet.m in Sources */ = {isa = PBXBuildFile; fileRef = C07C76F12BCEEF7B0000CC1A /* FMResultSet.m */; };
		C07C76F92BCEEF7B0000CC1A /* FMDatabase.m in Sources */ = {isa = PBXBuildFile; fileRef = C07C76F22BCEEF7B0000CC1A /* FMDatabase.m */; };
		C07C76FA2BCEEF7B0000CC1A /* FMDatabaseQueue.m in Sources */ = {isa = PBXBuildFile; fileRef = C07C76F42BCEEF7B0000CC1A /* FMDatabaseQueue.m */; };
		C086C6302B9E1E910038D9A7 /* FavoriteNews.swift in Sources */ = {isa = PBXBuildFile; fileRef = C086C62F2B9E1E910038D9A7 /* FavoriteNews.swift */; };
		C0AFEA7A2B9CC32500937F94 /* FavoritesTableViewCell.swift in Sources */ = {isa = PBXBuildFile; fileRef = C0AFEA792B9CC32500937F94 /* FavoritesTableViewCell.swift */; };
		C0C601712BD045E2009D5EA5 /* SettingsTableViewCell.swift in Sources */ = {isa = PBXBuildFile; fileRef = C0C601702BD045E2009D5EA5 /* SettingsTableViewCell.swift */; };
		C0C601732BD054DE009D5EA5 /* SwitchTableViewCell.swift in Sources */ = {isa = PBXBuildFile; fileRef = C0C601722BD054DE009D5EA5 /* SwitchTableViewCell.swift */; };
		C0C7ECCE2B9C4AFA0098C4A9 /* newspaper.png in Resources */ = {isa = PBXBuildFile; fileRef = C0C7ECCD2B9C4AFA0098C4A9 /* newspaper.png */; };
		C0C7ECD02B9C50110098C4A9 /* GoogleService-Info.plist in Resources */ = {isa = PBXBuildFile; fileRef = C0C7ECCF2B9C50110098C4A9 /* GoogleService-Info.plist */; };
		C0C7ECD32B9C54300098C4A9 /* FirebaseAnalytics in Frameworks */ = {isa = PBXBuildFile; productRef = C0C7ECD22B9C54300098C4A9 /* FirebaseAnalytics */; };
		C0C7ECD52B9C54300098C4A9 /* FirebaseAnalyticsOnDeviceConversion in Frameworks */ = {isa = PBXBuildFile; productRef = C0C7ECD42B9C54300098C4A9 /* FirebaseAnalyticsOnDeviceConversion */; };
		C0C7ECDE2B9C545A0098C4A9 /* FirebaseAuth in Frameworks */ = {isa = PBXBuildFile; productRef = C0C7ECDD2B9C545A0098C4A9 /* FirebaseAuth */; };
		C0C7ECE02B9C546B0098C4A9 /* FirebaseFirestore in Frameworks */ = {isa = PBXBuildFile; productRef = C0C7ECDF2B9C546B0098C4A9 /* FirebaseFirestore */; };
		C0C7ECE22B9C547A0098C4A9 /* FirebaseStorage in Frameworks */ = {isa = PBXBuildFile; productRef = C0C7ECE12B9C547A0098C4A9 /* FirebaseStorage */; };
		C0CA72732B9F1308006580AD /* SettingsVC.swift in Sources */ = {isa = PBXBuildFile; fileRef = C0CA72722B9F1308006580AD /* SettingsVC.swift */; };
		C0CA9B772B9F3418001D033B /* ThemeManager.swift in Sources */ = {isa = PBXBuildFile; fileRef = C0CA9B762B9F3418001D033B /* ThemeManager.swift */; };
		C0D1CAAD2BF15FFE0065D9E9 /* GoogleGenerativeAI in Frameworks */ = {isa = PBXBuildFile; productRef = C0D1CAAC2BF15FFE0065D9E9 /* GoogleGenerativeAI */; };
		C0E1FC2D2BE1034100D3745D /* StoriesVC.swift in Sources */ = {isa = PBXBuildFile; fileRef = C0E1FC2C2BE1034100D3745D /* StoriesVC.swift */; };
		C0E1FC312BE1073F00D3745D /* StoriesTableViewCell.swift in Sources */ = {isa = PBXBuildFile; fileRef = C0E1FC302BE1073F00D3745D /* StoriesTableViewCell.swift */; };
		C0E1FC342BE10B8500D3745D /* HeroHeaderUIView.swift in Sources */ = {isa = PBXBuildFile; fileRef = C0E1FC332BE10B8500D3745D /* HeroHeaderUIView.swift */; };
		C0E1FC362BE10E9900D3745D /* String+Extension.swift in Sources */ = {isa = PBXBuildFile; fileRef = C0E1FC352BE10E9900D3745D /* String+Extension.swift */; };
		C0E1FC382BE11F1C00D3745D /* TitleCollectionViewCell.swift in Sources */ = {isa = PBXBuildFile; fileRef = C0E1FC372BE11F1C00D3745D /* TitleCollectionViewCell.swift */; };
		C0E1FC3B2BE1264900D3745D /* SDWebImage in Frameworks */ = {isa = PBXBuildFile; productRef = C0E1FC3A2BE1264900D3745D /* SDWebImage */; };
		C0FEEFD12B9F784700A34375 /* News.swift in Sources */ = {isa = PBXBuildFile; fileRef = C0FEEFD02B9F784700A34375 /* News.swift */; };
/* End PBXBuildFile section */

/* Begin PBXContainerItemProxy section */
		C02E5B072C0880760058C6C5 /* PBXContainerItemProxy */ = {
			isa = PBXContainerItemProxy;
			containerPortal = C0301D962B8CFC1B00F49706 /* Project object */;
			proxyType = 1;
			remoteGlobalIDString = C0301D9D2B8CFC1B00F49706;
			remoteInfo = NewsApp;
		};
		C061D9D12BEF76B80005E337 /* PBXContainerItemProxy */ = {
			isa = PBXContainerItemProxy;
			containerPortal = C0301D962B8CFC1B00F49706 /* Project object */;
			proxyType = 1;
			remoteGlobalIDString = C0301D9D2B8CFC1B00F49706;
			remoteInfo = NewsApp;
		};
/* End PBXContainerItemProxy section */

/* Begin PBXFileReference section */
		C0099DB62B9B9EA200DE67B8 /* SignUpVC.swift */ = {isa = PBXFileReference; lastKnownFileType = sourcecode.swift; path = SignUpVC.swift; sourceTree = "<group>"; };
		C0099DB82B9B9FBA00DE67B8 /* FavoriteVC.swift */ = {isa = PBXFileReference; lastKnownFileType = sourcecode.swift; path = FavoriteVC.swift; sourceTree = "<group>"; };
		C020E74B2BF15B6400AA2A21 /* NewsAIVC.swift */ = {isa = PBXFileReference; lastKnownFileType = sourcecode.swift; path = NewsAIVC.swift; sourceTree = "<group>"; };
		C020E74E2BF15D8500AA2A21 /* APIKey.swift */ = {isa = PBXFileReference; lastKnownFileType = sourcecode.swift; path = APIKey.swift; sourceTree = "<group>"; };
		C020E7502BF15DAB00AA2A21 /* GenerativeAI-Info.plist */ = {isa = PBXFileReference; lastKnownFileType = text.plist.xml; path = "GenerativeAI-Info.plist"; sourceTree = "<group>"; };
		C02326472BD54D5D000FD9E5 /* CategoryViewModel.swift */ = {isa = PBXFileReference; lastKnownFileType = sourcecode.swift; path = CategoryViewModel.swift; sourceTree = "<group>"; };
		C02576432C023FC500C4E1CC /* StoriesViewModel.swift */ = {isa = PBXFileReference; lastKnownFileType = sourcecode.swift; path = StoriesViewModel.swift; sourceTree = "<group>"; };
		C02B2B592BCEC246005A57E7 /* NewsModel.xcdatamodel */ = {isa = PBXFileReference; lastKnownFileType = wrapper.xcdatamodel; path = NewsModel.xcdatamodel; sourceTree = "<group>"; };
		C02B2B632BCEE835005A57E7 /* CategoryVC.swift */ = {isa = PBXFileReference; lastKnownFileType = sourcecode.swift; path = CategoryVC.swift; sourceTree = "<group>"; };
		C02E5B032C0880760058C6C5 /* NewsAppTests.xctest */ = {isa = PBXFileReference; explicitFileType = wrapper.cfbundle; includeInIndex = 0; path = NewsAppTests.xctest; sourceTree = BUILT_PRODUCTS_DIR; };
		C02E5B052C0880760058C6C5 /* NewsAppTests.swift */ = {isa = PBXFileReference; lastKnownFileType = sourcecode.swift; path = NewsAppTests.swift; sourceTree = "<group>"; };
		C0301D9E2B8CFC1B00F49706 /* NewsApp.app */ = {isa = PBXFileReference; explicitFileType = wrapper.application; includeInIndex = 0; path = NewsApp.app; sourceTree = BUILT_PRODUCTS_DIR; };
		C0301DA12B8CFC1B00F49706 /* AppDelegate.swift */ = {isa = PBXFileReference; lastKnownFileType = sourcecode.swift; path = AppDelegate.swift; sourceTree = "<group>"; };
		C0301DA32B8CFC1B00F49706 /* SceneDelegate.swift */ = {isa = PBXFileReference; lastKnownFileType = sourcecode.swift; path = SceneDelegate.swift; sourceTree = "<group>"; };
		C0301DA52B8CFC1B00F49706 /* NewsVC.swift */ = {isa = PBXFileReference; lastKnownFileType = sourcecode.swift; path = NewsVC.swift; sourceTree = "<group>"; };
		C0301DA82B8CFC1B00F49706 /* Base */ = {isa = PBXFileReference; lastKnownFileType = file.storyboard; name = Base; path = Base.lproj/Main.storyboard; sourceTree = "<group>"; };
		C0301DAA2B8CFC1C00F49706 /* Assets.xcassets */ = {isa = PBXFileReference; lastKnownFileType = folder.assetcatalog; path = Assets.xcassets; sourceTree = "<group>"; };
		C0301DAD2B8CFC1C00F49706 /* Base */ = {isa = PBXFileReference; lastKnownFileType = file.storyboard; name = Base; path = Base.lproj/LaunchScreen.storyboard; sourceTree = "<group>"; };
		C0301DAF2B8CFC1C00F49706 /* Info.plist */ = {isa = PBXFileReference; lastKnownFileType = text.plist.xml; path = Info.plist; sourceTree = "<group>"; };
		C0301DB52B8CFEDA00F49706 /* APICaller.swift */ = {isa = PBXFileReference; lastKnownFileType = sourcecode.swift; path = APICaller.swift; sourceTree = "<group>"; };
		C0301DB72B8D048100F49706 /* NewsTableViewCell.swift */ = {isa = PBXFileReference; lastKnownFileType = sourcecode.swift; path = NewsTableViewCell.swift; sourceTree = "<group>"; };
		C035AC4C2BCFD0BA001996CB /* Category.swift */ = {isa = PBXFileReference; lastKnownFileType = sourcecode.swift; path = Category.swift; sourceTree = "<group>"; };
		C035AC4E2BCFD104001996CB /* NewsSQLite.swift */ = {isa = PBXFileReference; lastKnownFileType = sourcecode.swift; path = NewsSQLite.swift; sourceTree = "<group>"; };
		C035AC522BCFD30A001996CB /* CategoryDao.swift */ = {isa = PBXFileReference; lastKnownFileType = sourcecode.swift; path = CategoryDao.swift; sourceTree = "<group>"; };
		C035AC542BCFD32B001996CB /* NewsDao.swift */ = {isa = PBXFileReference; lastKnownFileType = sourcecode.swift; path = NewsDao.swift; sourceTree = "<group>"; };
		C035AC562BCFD8B4001996CB /* CategoryCollectionViewCell.swift */ = {isa = PBXFileReference; lastKnownFileType = sourcecode.swift; path = CategoryCollectionViewCell.swift; sourceTree = "<group>"; };
		C035AC5D2BCFE7F8001996CB /* NewsSqlVC.swift */ = {isa = PBXFileReference; lastKnownFileType = sourcecode.swift; path = NewsSqlVC.swift; sourceTree = "<group>"; };
		C035AC5F2BCFF023001996CB /* NewsSqlCell.swift */ = {isa = PBXFileReference; lastKnownFileType = sourcecode.swift; path = NewsSqlCell.swift; sourceTree = "<group>"; };
		C035AC652BD0030A001996CB /* news.sqlite */ = {isa = PBXFileReference; lastKnownFileType = file; path = news.sqlite; sourceTree = "<group>"; };
		C04A19B52C1232220073DC85 /* Config.plist */ = {isa = PBXFileReference; lastKnownFileType = text.plist.xml; path = Config.plist; sourceTree = "<group>"; };
		C04A19B62C1234020073DC85 /* Config.plist */ = {isa = PBXFileReference; lastKnownFileType = text.plist.xml; path = Config.plist; sourceTree = "<group>"; };
		C05979012BA0C47D00683DEA /* NewsViewModel.swift */ = {isa = PBXFileReference; lastKnownFileType = sourcecode.swift; path = NewsViewModel.swift; sourceTree = "<group>"; };
		C05979032BA0C4A400683DEA /* NewsDaoRepository.swift */ = {isa = PBXFileReference; lastKnownFileType = sourcecode.swift; path = NewsDaoRepository.swift; sourceTree = "<group>"; };
		C05CE74C2B9BAA3C00145DB7 /* SignInVC.swift */ = {isa = PBXFileReference; lastKnownFileType = sourcecode.swift; path = SignInVC.swift; sourceTree = "<group>"; };
		C061D9CB2BEF76B80005E337 /* NewsAppUITests.xctest */ = {isa = PBXFileReference; explicitFileType = wrapper.cfbundle; includeInIndex = 0; path = NewsAppUITests.xctest; sourceTree = BUILT_PRODUCTS_DIR; };
		C061D9CD2BEF76B80005E337 /* NewsAppUITests.swift */ = {isa = PBXFileReference; lastKnownFileType = sourcecode.swift; path = NewsAppUITests.swift; sourceTree = "<group>"; };
		C061D9CF2BEF76B80005E337 /* NewsAppUITestsLaunchTests.swift */ = {isa = PBXFileReference; lastKnownFileType = sourcecode.swift; path = NewsAppUITestsLaunchTests.swift; sourceTree = "<group>"; };
		C06E0E662BA08CE100D74406 /* FavoriteDaoRepository.swift */ = {isa = PBXFileReference; lastKnownFileType = sourcecode.swift; path = FavoriteDaoRepository.swift; sourceTree = "<group>"; };
		C06E0E692BA0905200D74406 /* FavoriteViewModel.swift */ = {isa = PBXFileReference; lastKnownFileType = sourcecode.swift; path = FavoriteViewModel.swift; sourceTree = "<group>"; };
		C07C76E92BCEEEEB0000CC1A /* libsqlite3.tbd */ = {isa = PBXFileReference; lastKnownFileType = "sourcecode.text-based-dylib-definition"; name = libsqlite3.tbd; path = usr/lib/libsqlite3.tbd; sourceTree = SDKROOT; };
		C07C76EA2BCEEF7B0000CC1A /* NewsApp-Bridging-Header.h */ = {isa = PBXFileReference; lastKnownFileType = sourcecode.c.h; path = "NewsApp-Bridging-Header.h"; sourceTree = "<group>"; };
		C07C76EB2BCEEF7B0000CC1A /* FMDatabaseAdditions.m */ = {isa = PBXFileReference; fileEncoding = 4; lastKnownFileType = sourcecode.c.objc; path = FMDatabaseAdditions.m; sourceTree = "<group>"; };
		C07C76EC2BCEEF7B0000CC1A /* FMDB.h */ = {isa = PBXFileReference; fileEncoding = 4; lastKnownFileType = sourcecode.c.h; path = FMDB.h; sourceTree = "<group>"; };
		C07C76ED2BCEEF7B0000CC1A /* FMDatabasePool.h */ = {isa = PBXFileReference; fileEncoding = 4; lastKnownFileType = sourcecode.c.h; path = FMDatabasePool.h; sourceTree = "<group>"; };
		C07C76EE2BCEEF7B0000CC1A /* FMResultSet.h */ = {isa = PBXFileReference; fileEncoding = 4; lastKnownFileType = sourcecode.c.h; path = FMResultSet.h; sourceTree = "<group>"; };
		C07C76EF2BCEEF7B0000CC1A /* FMDatabaseAdditions.h */ = {isa = PBXFileReference; fileEncoding = 4; lastKnownFileType = sourcecode.c.h; path = FMDatabaseAdditions.h; sourceTree = "<group>"; };
		C07C76F02BCEEF7B0000CC1A /* FMDatabasePool.m */ = {isa = PBXFileReference; fileEncoding = 4; lastKnownFileType = sourcecode.c.objc; path = FMDatabasePool.m; sourceTree = "<group>"; };
		C07C76F12BCEEF7B0000CC1A /* FMResultSet.m */ = {isa = PBXFileReference; fileEncoding = 4; lastKnownFileType = sourcecode.c.objc; path = FMResultSet.m; sourceTree = "<group>"; };
		C07C76F22BCEEF7B0000CC1A /* FMDatabase.m */ = {isa = PBXFileReference; fileEncoding = 4; lastKnownFileType = sourcecode.c.objc; path = FMDatabase.m; sourceTree = "<group>"; };
		C07C76F32BCEEF7B0000CC1A /* FMDatabase.h */ = {isa = PBXFileReference; fileEncoding = 4; lastKnownFileType = sourcecode.c.h; path = FMDatabase.h; sourceTree = "<group>"; };
		C07C76F42BCEEF7B0000CC1A /* FMDatabaseQueue.m */ = {isa = PBXFileReference; fileEncoding = 4; lastKnownFileType = sourcecode.c.objc; path = FMDatabaseQueue.m; sourceTree = "<group>"; };
		C07C76F52BCEEF7B0000CC1A /* FMDatabaseQueue.h */ = {isa = PBXFileReference; fileEncoding = 4; lastKnownFileType = sourcecode.c.h; path = FMDatabaseQueue.h; sourceTree = "<group>"; };
		C086C62F2B9E1E910038D9A7 /* FavoriteNews.swift */ = {isa = PBXFileReference; lastKnownFileType = sourcecode.swift; path = FavoriteNews.swift; sourceTree = "<group>"; };
		C0AFEA792B9CC32500937F94 /* FavoritesTableViewCell.swift */ = {isa = PBXFileReference; lastKnownFileType = sourcecode.swift; path = FavoritesTableViewCell.swift; sourceTree = "<group>"; };
		C0C601702BD045E2009D5EA5 /* SettingsTableViewCell.swift */ = {isa = PBXFileReference; lastKnownFileType = sourcecode.swift; path = SettingsTableViewCell.swift; sourceTree = "<group>"; };
		C0C601722BD054DE009D5EA5 /* SwitchTableViewCell.swift */ = {isa = PBXFileReference; lastKnownFileType = sourcecode.swift; path = SwitchTableViewCell.swift; sourceTree = "<group>"; };
		C0C7ECCD2B9C4AFA0098C4A9 /* newspaper.png */ = {isa = PBXFileReference; lastKnownFileType = image.png; path = newspaper.png; sourceTree = "<group>"; };
		C0C7ECCF2B9C50110098C4A9 /* GoogleService-Info.plist */ = {isa = PBXFileReference; fileEncoding = 4; lastKnownFileType = text.plist.xml; path = "GoogleService-Info.plist"; sourceTree = "<group>"; };
		C0CA72722B9F1308006580AD /* SettingsVC.swift */ = {isa = PBXFileReference; lastKnownFileType = sourcecode.swift; path = SettingsVC.swift; sourceTree = "<group>"; };
		C0CA9B762B9F3418001D033B /* ThemeManager.swift */ = {isa = PBXFileReference; lastKnownFileType = sourcecode.swift; path = ThemeManager.swift; sourceTree = "<group>"; };
		C0E1FC2C2BE1034100D3745D /* StoriesVC.swift */ = {isa = PBXFileReference; lastKnownFileType = sourcecode.swift; path = StoriesVC.swift; sourceTree = "<group>"; };
		C0E1FC302BE1073F00D3745D /* StoriesTableViewCell.swift */ = {isa = PBXFileReference; lastKnownFileType = sourcecode.swift; path = StoriesTableViewCell.swift; sourceTree = "<group>"; };
		C0E1FC332BE10B8500D3745D /* HeroHeaderUIView.swift */ = {isa = PBXFileReference; lastKnownFileType = sourcecode.swift; path = HeroHeaderUIView.swift; sourceTree = "<group>"; };
		C0E1FC352BE10E9900D3745D /* String+Extension.swift */ = {isa = PBXFileReference; lastKnownFileType = sourcecode.swift; path = "String+Extension.swift"; sourceTree = "<group>"; };
		C0E1FC372BE11F1C00D3745D /* TitleCollectionViewCell.swift */ = {isa = PBXFileReference; lastKnownFileType = sourcecode.swift; path = TitleCollectionViewCell.swift; sourceTree = "<group>"; };
		C0FEEFD02B9F784700A34375 /* News.swift */ = {isa = PBXFileReference; lastKnownFileType = sourcecode.swift; path = News.swift; sourceTree = "<group>"; };
/* End PBXFileReference section */

/* Begin PBXFrameworksBuildPhase section */
		C02E5B002C0880760058C6C5 /* Frameworks */ = {
			isa = PBXFrameworksBuildPhase;
			buildActionMask = 2147483647;
			files = (
			);
			runOnlyForDeploymentPostprocessing = 0;
		};
		C0301D9B2B8CFC1B00F49706 /* Frameworks */ = {
			isa = PBXFrameworksBuildPhase;
			buildActionMask = 2147483647;
			files = (
				C06E0E642BA08C8100D74406 /* RxSwift in Frameworks */,
				C0C7ECDE2B9C545A0098C4A9 /* FirebaseAuth in Frameworks */,
				C0C7ECE02B9C546B0098C4A9 /* FirebaseFirestore in Frameworks */,
				C0E1FC3B2BE1264900D3745D /* SDWebImage in Frameworks */,
				C0D1CAAD2BF15FFE0065D9E9 /* GoogleGenerativeAI in Frameworks */,
				C0C7ECD32B9C54300098C4A9 /* FirebaseAnalytics in Frameworks */,
				C0C7ECE22B9C547A0098C4A9 /* FirebaseStorage in Frameworks */,
				C0C7ECD52B9C54300098C4A9 /* FirebaseAnalyticsOnDeviceConversion in Frameworks */,
			);
			runOnlyForDeploymentPostprocessing = 0;
		};
		C061D9C82BEF76B80005E337 /* Frameworks */ = {
			isa = PBXFrameworksBuildPhase;
			buildActionMask = 2147483647;
			files = (
				C079C5B82BF15F3C004EE6DC /* FirebaseFirestore in Frameworks */,
				C079C5BB2BF15F5D004EE6DC /* GoogleGenerativeAI in Frameworks */,
			);
			runOnlyForDeploymentPostprocessing = 0;
		};
/* End PBXFrameworksBuildPhase section */

/* Begin PBXGroup section */
		C02E5B042C0880760058C6C5 /* NewsAppTests */ = {
			isa = PBXGroup;
			children = (
				C02E5B052C0880760058C6C5 /* NewsAppTests.swift */,
			);
			path = NewsAppTests;
			sourceTree = "<group>";
		};
		C0301D952B8CFC1B00F49706 = {
			isa = PBXGroup;
			children = (
				C04A19B52C1232220073DC85 /* Config.plist */,
				C035AC652BD0030A001996CB /* news.sqlite */,
				C07C76F32BCEEF7B0000CC1A /* FMDatabase.h */,
				C07C76F22BCEEF7B0000CC1A /* FMDatabase.m */,
				C07C76EF2BCEEF7B0000CC1A /* FMDatabaseAdditions.h */,
				C07C76EB2BCEEF7B0000CC1A /* FMDatabaseAdditions.m */,
				C07C76ED2BCEEF7B0000CC1A /* FMDatabasePool.h */,
				C07C76F02BCEEF7B0000CC1A /* FMDatabasePool.m */,
				C07C76F52BCEEF7B0000CC1A /* FMDatabaseQueue.h */,
				C07C76F42BCEEF7B0000CC1A /* FMDatabaseQueue.m */,
				C07C76EC2BCEEF7B0000CC1A /* FMDB.h */,
				C07C76EE2BCEEF7B0000CC1A /* FMResultSet.h */,
				C07C76F12BCEEF7B0000CC1A /* FMResultSet.m */,
				C0301DA02B8CFC1B00F49706 /* NewsApp */,
				C061D9CC2BEF76B80005E337 /* NewsAppUITests */,
				C02E5B042C0880760058C6C5 /* NewsAppTests */,
				C0301D9F2B8CFC1B00F49706 /* Products */,
				C0C7ECDC2B9C545A0098C4A9 /* Frameworks */,
				C07C76EA2BCEEF7B0000CC1A /* NewsApp-Bridging-Header.h */,
			);
			sourceTree = "<group>";
		};
		C0301D9F2B8CFC1B00F49706 /* Products */ = {
			isa = PBXGroup;
			children = (
				C0301D9E2B8CFC1B00F49706 /* NewsApp.app */,
				C061D9CB2BEF76B80005E337 /* NewsAppUITests.xctest */,
				C02E5B032C0880760058C6C5 /* NewsAppTests.xctest */,
			);
			name = Products;
			sourceTree = "<group>";
		};
		C0301DA02B8CFC1B00F49706 /* NewsApp */ = {
			isa = PBXGroup;
			children = (
				C04E529B2C5543C000566111 /* Extensions */,
				C04E529A2C55434B00566111 /* Utilities */,
				C04E52982C5542E100566111 /* Constants */,
				C04E52972C55428300566111 /* Models */,
				C0E1FC322BE10B6700D3745D /* Resources */,
				C06E0E682BA0903C00D74406 /* ViewModels */,
				C06E0E652BA08CA000D74406 /* Data */,
				C0C7ECCF2B9C50110098C4A9 /* GoogleService-Info.plist */,
				C09318502B92322A00FB6661 /* Cells */,
				C093184F2B92321100FB6661 /* Service */,
				C093184E2B9231FD00FB6661 /* Views */,
				C0301DA12B8CFC1B00F49706 /* AppDelegate.swift */,
				C0301DA32B8CFC1B00F49706 /* SceneDelegate.swift */,
				C0301DA72B8CFC1B00F49706 /* Main.storyboard */,
				C0301DAA2B8CFC1C00F49706 /* Assets.xcassets */,
				C0C7ECCD2B9C4AFA0098C4A9 /* newspaper.png */,
				C0301DAC2B8CFC1C00F49706 /* LaunchScreen.storyboard */,
				C0301DAF2B8CFC1C00F49706 /* Info.plist */,
				C02B2B582BCEC246005A57E7 /* NewsModel.xcdatamodeld */,
			);
			path = NewsApp;
			sourceTree = "<group>";
		};
		C04E52972C55428300566111 /* Models */ = {
			isa = PBXGroup;
			children = (
				C0FEEFD02B9F784700A34375 /* News.swift */,
				C086C62F2B9E1E910038D9A7 /* FavoriteNews.swift */,
				C035AC4E2BCFD104001996CB /* NewsSQLite.swift */,
				C035AC4C2BCFD0BA001996CB /* Category.swift */,
			);
			path = Models;
			sourceTree = "<group>";
		};
		C04E52982C5542E100566111 /* Constants */ = {
			isa = PBXGroup;
			children = (
				C020E74E2BF15D8500AA2A21 /* APIKey.swift */,
			);
			path = Constants;
			sourceTree = "<group>";
		};
		C04E529A2C55434B00566111 /* Utilities */ = {
			isa = PBXGroup;
			children = (
				C0CA9B762B9F3418001D033B /* ThemeManager.swift */,
			);
			path = Utilities;
			sourceTree = "<group>";
		};
		C04E529B2C5543C000566111 /* Extensions */ = {
			isa = PBXGroup;
			children = (
				C0E1FC352BE10E9900D3745D /* String+Extension.swift */,
			);
			path = Extensions;
			sourceTree = "<group>";
		};
		C061D9CC2BEF76B80005E337 /* NewsAppUITests */ = {
			isa = PBXGroup;
			children = (
				C061D9CD2BEF76B80005E337 /* NewsAppUITests.swift */,
				C061D9CF2BEF76B80005E337 /* NewsAppUITestsLaunchTests.swift */,
			);
			path = NewsAppUITests;
			sourceTree = "<group>";
		};
		C06E0E652BA08CA000D74406 /* Data */ = {
			isa = PBXGroup;
			children = (
				C035AC522BCFD30A001996CB /* CategoryDao.swift */,
				C035AC542BCFD32B001996CB /* NewsDao.swift */,
				C06E0E662BA08CE100D74406 /* FavoriteDaoRepository.swift */,
				C05979032BA0C4A400683DEA /* NewsDaoRepository.swift */,
			);
			path = Data;
			sourceTree = "<group>";
		};
		C06E0E682BA0903C00D74406 /* ViewModels */ = {
			isa = PBXGroup;
			children = (
				C06E0E692BA0905200D74406 /* FavoriteViewModel.swift */,
				C05979012BA0C47D00683DEA /* NewsViewModel.swift */,
				C02326472BD54D5D000FD9E5 /* CategoryViewModel.swift */,
				C02576432C023FC500C4E1CC /* StoriesViewModel.swift */,
			);
			path = ViewModels;
			sourceTree = "<group>";
		};
		C093184E2B9231FD00FB6661 /* Views */ = {
			isa = PBXGroup;
			children = (
				C0E1FC332BE10B8500D3745D /* HeroHeaderUIView.swift */,
				C035AC5D2BCFE7F8001996CB /* NewsSqlVC.swift */,
				C02B2B632BCEE835005A57E7 /* CategoryVC.swift */,
				C0301DA52B8CFC1B00F49706 /* NewsVC.swift */,
				C0099DB62B9B9EA200DE67B8 /* SignUpVC.swift */,
				C0099DB82B9B9FBA00DE67B8 /* FavoriteVC.swift */,
				C05CE74C2B9BAA3C00145DB7 /* SignInVC.swift */,
				C0CA72722B9F1308006580AD /* SettingsVC.swift */,
				C0E1FC2C2BE1034100D3745D /* StoriesVC.swift */,
				C020E74B2BF15B6400AA2A21 /* NewsAIVC.swift */,
			);
			path = Views;
			sourceTree = "<group>";
		};
		C093184F2B92321100FB6661 /* Service */ = {
			isa = PBXGroup;
			children = (
				C0301DB52B8CFEDA00F49706 /* APICaller.swift */,
			);
			path = Service;
			sourceTree = "<group>";
		};
		C09318502B92322A00FB6661 /* Cells */ = {
			isa = PBXGroup;
			children = (
				C035AC5F2BCFF023001996CB /* NewsSqlCell.swift */,
				C035AC562BCFD8B4001996CB /* CategoryCollectionViewCell.swift */,
				C0301DB72B8D048100F49706 /* NewsTableViewCell.swift */,
				C0AFEA792B9CC32500937F94 /* FavoritesTableViewCell.swift */,
				C0C601702BD045E2009D5EA5 /* SettingsTableViewCell.swift */,
				C0C601722BD054DE009D5EA5 /* SwitchTableViewCell.swift */,
				C0E1FC302BE1073F00D3745D /* StoriesTableViewCell.swift */,
				C0E1FC372BE11F1C00D3745D /* TitleCollectionViewCell.swift */,
			);
			path = Cells;
			sourceTree = "<group>";
		};
		C0C7ECDC2B9C545A0098C4A9 /* Frameworks */ = {
			isa = PBXGroup;
			children = (
				C07C76E92BCEEEEB0000CC1A /* libsqlite3.tbd */,
			);
			name = Frameworks;
			sourceTree = "<group>";
		};
		C0E1FC322BE10B6700D3745D /* Resources */ = {
			isa = PBXGroup;
			children = (
				C04A19B62C1234020073DC85 /* Config.plist */,
				C020E7502BF15DAB00AA2A21 /* GenerativeAI-Info.plist */,
			);
			path = Resources;
			sourceTree = "<group>";
		};
/* End PBXGroup section */

/* Begin PBXNativeTarget section */
		C02E5B022C0880760058C6C5 /* NewsAppTests */ = {
			isa = PBXNativeTarget;
			buildConfigurationList = C02E5B0B2C0880760058C6C5 /* Build configuration list for PBXNativeTarget "NewsAppTests" */;
			buildPhases = (
				C02E5AFF2C0880760058C6C5 /* Sources */,
				C02E5B002C0880760058C6C5 /* Frameworks */,
				C02E5B012C0880760058C6C5 /* Resources */,
			);
			buildRules = (
			);
			dependencies = (
				C02E5B082C0880760058C6C5 /* PBXTargetDependency */,
			);
			name = NewsAppTests;
			productName = NewsAppTests;
			productReference = C02E5B032C0880760058C6C5 /* NewsAppTests.xctest */;
			productType = "com.apple.product-type.bundle.unit-test";
		};
		C0301D9D2B8CFC1B00F49706 /* NewsApp */ = {
			isa = PBXNativeTarget;
			buildConfigurationList = C0301DB22B8CFC1C00F49706 /* Build configuration list for PBXNativeTarget "NewsApp" */;
			buildPhases = (
				C0301D9A2B8CFC1B00F49706 /* Sources */,
				C0301D9B2B8CFC1B00F49706 /* Frameworks */,
				C0301D9C2B8CFC1B00F49706 /* Resources */,
			);
			buildRules = (
			);
			dependencies = (
			);
			name = NewsApp;
			packageProductDependencies = (
				C0C7ECD22B9C54300098C4A9 /* FirebaseAnalytics */,
				C0C7ECD42B9C54300098C4A9 /* FirebaseAnalyticsOnDeviceConversion */,
				C0C7ECDD2B9C545A0098C4A9 /* FirebaseAuth */,
				C0C7ECDF2B9C546B0098C4A9 /* FirebaseFirestore */,
				C0C7ECE12B9C547A0098C4A9 /* FirebaseStorage */,
				C06E0E632BA08C8100D74406 /* RxSwift */,
				C0E1FC3A2BE1264900D3745D /* SDWebImage */,
				C0D1CAAC2BF15FFE0065D9E9 /* GoogleGenerativeAI */,
			);
			productName = NewsApp;
			productReference = C0301D9E2B8CFC1B00F49706 /* NewsApp.app */;
			productType = "com.apple.product-type.application";
		};
		C061D9CA2BEF76B80005E337 /* NewsAppUITests */ = {
			isa = PBXNativeTarget;
			buildConfigurationList = C061D9D32BEF76B80005E337 /* Build configuration list for PBXNativeTarget "NewsAppUITests" */;
			buildPhases = (
				C061D9C72BEF76B80005E337 /* Sources */,
				C061D9C82BEF76B80005E337 /* Frameworks */,
				C061D9C92BEF76B80005E337 /* Resources */,
			);
			buildRules = (
			);
			dependencies = (
				C061D9D22BEF76B80005E337 /* PBXTargetDependency */,
			);
			name = NewsAppUITests;
			packageProductDependencies = (
				C079C5B72BF15F3C004EE6DC /* FirebaseFirestore */,
				C079C5BA2BF15F5D004EE6DC /* GoogleGenerativeAI */,
			);
			productName = NewsAppUITests;
			productReference = C061D9CB2BEF76B80005E337 /* NewsAppUITests.xctest */;
			productType = "com.apple.product-type.bundle.ui-testing";
		};
/* End PBXNativeTarget section */

/* Begin PBXProject section */
		C0301D962B8CFC1B00F49706 /* Project object */ = {
			isa = PBXProject;
			attributes = {
				BuildIndependentTargetsInParallel = 1;
				LastSwiftUpdateCheck = 1540;
				LastUpgradeCheck = 1520;
				TargetAttributes = {
					C02E5B022C0880760058C6C5 = {
						CreatedOnToolsVersion = 15.4;
						TestTargetID = C0301D9D2B8CFC1B00F49706;
					};
					C0301D9D2B8CFC1B00F49706 = {
						CreatedOnToolsVersion = 15.2;
						LastSwiftMigration = 1530;
					};
					C061D9CA2BEF76B80005E337 = {
						CreatedOnToolsVersion = 15.3;
						TestTargetID = C0301D9D2B8CFC1B00F49706;
					};
				};
			};
			buildConfigurationList = C0301D992B8CFC1B00F49706 /* Build configuration list for PBXProject "NewsApp" */;
			compatibilityVersion = "Xcode 14.0";
			developmentRegion = en;
			hasScannedForEncodings = 0;
			knownRegions = (
				en,
				Base,
			);
			mainGroup = C0301D952B8CFC1B00F49706;
			packageReferences = (
				C0C7ECD12B9C54300098C4A9 /* XCRemoteSwiftPackageReference "firebase-ios-sdk" */,
				C06E0E622BA08C6800D74406 /* XCRemoteSwiftPackageReference "RxSwift" */,
				C0E1FC392BE1264900D3745D /* XCRemoteSwiftPackageReference "SDWebImage" */,
				C0DD7F5A2BE24E7B00F0AE4D /* XCRemoteSwiftPackageReference "Kingfisher" */,
				C079C5B92BF15F54004EE6DC /* XCRemoteSwiftPackageReference "generative-ai-swift" */,
			);
			productRefGroup = C0301D9F2B8CFC1B00F49706 /* Products */;
			projectDirPath = "";
			projectRoot = "";
			targets = (
				C0301D9D2B8CFC1B00F49706 /* NewsApp */,
				C061D9CA2BEF76B80005E337 /* NewsAppUITests */,
				C02E5B022C0880760058C6C5 /* NewsAppTests */,
			);
		};
/* End PBXProject section */

/* Begin PBXResourcesBuildPhase section */
		C02E5B012C0880760058C6C5 /* Resources */ = {
			isa = PBXResourcesBuildPhase;
			buildActionMask = 2147483647;
			files = (
			);
			runOnlyForDeploymentPostprocessing = 0;
		};
		C0301D9C2B8CFC1B00F49706 /* Resources */ = {
			isa = PBXResourcesBuildPhase;
			buildActionMask = 2147483647;
			files = (
				C0301DAE2B8CFC1C00F49706 /* LaunchScreen.storyboard in Resources */,
				C0C7ECCE2B9C4AFA0098C4A9 /* newspaper.png in Resources */,
				C020E7512BF15DAB00AA2A21 /* GenerativeAI-Info.plist in Resources */,
				C035AC662BD0030A001996CB /* news.sqlite in Resources */,
				C04A19B72C1234020073DC85 /* Config.plist in Resources */,
				C0C7ECD02B9C50110098C4A9 /* GoogleService-Info.plist in Resources */,
				C0301DAB2B8CFC1C00F49706 /* Assets.xcassets in Resources */,
				C0301DA92B8CFC1B00F49706 /* Main.storyboard in Resources */,
			);
			runOnlyForDeploymentPostprocessing = 0;
		};
		C061D9C92BEF76B80005E337 /* Resources */ = {
			isa = PBXResourcesBuildPhase;
			buildActionMask = 2147483647;
			files = (
			);
			runOnlyForDeploymentPostprocessing = 0;
		};
/* End PBXResourcesBuildPhase section */

/* Begin PBXSourcesBuildPhase section */
		C02E5AFF2C0880760058C6C5 /* Sources */ = {
			isa = PBXSourcesBuildPhase;
			buildActionMask = 2147483647;
			files = (
				C02E5B062C0880760058C6C5 /* NewsAppTests.swift in Sources */,
			);
			runOnlyForDeploymentPostprocessing = 0;
		};
		C0301D9A2B8CFC1B00F49706 /* Sources */ = {
			isa = PBXSourcesBuildPhase;
			buildActionMask = 2147483647;
			files = (
				C05CE74D2B9BAA3C00145DB7 /* SignInVC.swift in Sources */,
				C020E74C2BF15B6400AA2A21 /* NewsAIVC.swift in Sources */,
				C0301DA62B8CFC1B00F49706 /* NewsVC.swift in Sources */,
				C0C601732BD054DE009D5EA5 /* SwitchTableViewCell.swift in Sources */,
				C06E0E672BA08CE100D74406 /* FavoriteDaoRepository.swift in Sources */,
				C0099DB72B9B9EA200DE67B8 /* SignUpVC.swift in Sources */,
				C07C76F72BCEEF7B0000CC1A /* FMDatabasePool.m in Sources */,
				C035AC572BCFD8B4001996CB /* CategoryCollectionViewCell.swift in Sources */,
				C0E1FC362BE10E9900D3745D /* String+Extension.swift in Sources */,
				C02B2B642BCEE835005A57E7 /* CategoryVC.swift in Sources */,
				C035AC532BCFD30A001996CB /* CategoryDao.swift in Sources */,
				C02B2B5A2BCEC246005A57E7 /* NewsModel.xcdatamodeld in Sources */,
				C05979042BA0C4A400683DEA /* NewsDaoRepository.swift in Sources */,
				C0C601712BD045E2009D5EA5 /* SettingsTableViewCell.swift in Sources */,
				C035AC552BCFD32B001996CB /* NewsDao.swift in Sources */,
				C035AC602BCFF023001996CB /* NewsSqlCell.swift in Sources */,
				C07C76F92BCEEF7B0000CC1A /* FMDatabase.m in Sources */,
				C07C76F82BCEEF7B0000CC1A /* FMResultSet.m in Sources */,
				C035AC4F2BCFD104001996CB /* NewsSQLite.swift in Sources */,
				C0FEEFD12B9F784700A34375 /* News.swift in Sources */,
				C0301DA22B8CFC1B00F49706 /* AppDelegate.swift in Sources */,
				C0CA72732B9F1308006580AD /* SettingsVC.swift in Sources */,
				C0E1FC2D2BE1034100D3745D /* StoriesVC.swift in Sources */,
				C05979022BA0C47D00683DEA /* NewsViewModel.swift in Sources */,
				C02576442C023FC500C4E1CC /* StoriesViewModel.swift in Sources */,
				C0CA9B772B9F3418001D033B /* ThemeManager.swift in Sources */,
				C0AFEA7A2B9CC32500937F94 /* FavoritesTableViewCell.swift in Sources */,
				C035AC4D2BCFD0BA001996CB /* Category.swift in Sources */,
				C0099DB92B9B9FBA00DE67B8 /* FavoriteVC.swift in Sources */,
				C0E1FC382BE11F1C00D3745D /* TitleCollectionViewCell.swift in Sources */,
				C07C76FA2BCEEF7B0000CC1A /* FMDatabaseQueue.m in Sources */,
				C02326482BD54D5D000FD9E5 /* CategoryViewModel.swift in Sources */,
				C0301DB82B8D048100F49706 /* NewsTableViewCell.swift in Sources */,
				C0E1FC312BE1073F00D3745D /* StoriesTableViewCell.swift in Sources */,
				C06E0E6A2BA0905200D74406 /* FavoriteViewModel.swift in Sources */,
				C0E1FC342BE10B8500D3745D /* HeroHeaderUIView.swift in Sources */,
				C0301DA42B8CFC1B00F49706 /* SceneDelegate.swift in Sources */,
				C020E74F2BF15D8500AA2A21 /* APIKey.swift in Sources */,
				C035AC5E2BCFE7F8001996CB /* NewsSqlVC.swift in Sources */,
				C0301DB62B8CFEDA00F49706 /* APICaller.swift in Sources */,
				C086C6302B9E1E910038D9A7 /* FavoriteNews.swift in Sources */,
				C07C76F62BCEEF7B0000CC1A /* FMDatabaseAdditions.m in Sources */,
			);
			runOnlyForDeploymentPostprocessing = 0;
		};
		C061D9C72BEF76B80005E337 /* Sources */ = {
			isa = PBXSourcesBuildPhase;
			buildActionMask = 2147483647;
			files = (
				C061D9CE2BEF76B80005E337 /* NewsAppUITests.swift in Sources */,
				C061D9D02BEF76B80005E337 /* NewsAppUITestsLaunchTests.swift in Sources */,
			);
			runOnlyForDeploymentPostprocessing = 0;
		};
/* End PBXSourcesBuildPhase section */

/* Begin PBXTargetDependency section */
		C02E5B082C0880760058C6C5 /* PBXTargetDependency */ = {
			isa = PBXTargetDependency;
			target = C0301D9D2B8CFC1B00F49706 /* NewsApp */;
			targetProxy = C02E5B072C0880760058C6C5 /* PBXContainerItemProxy */;
		};
		C061D9D22BEF76B80005E337 /* PBXTargetDependency */ = {
			isa = PBXTargetDependency;
			target = C0301D9D2B8CFC1B00F49706 /* NewsApp */;
			targetProxy = C061D9D12BEF76B80005E337 /* PBXContainerItemProxy */;
		};
/* End PBXTargetDependency section */

/* Begin PBXVariantGroup section */
		C0301DA72B8CFC1B00F49706 /* Main.storyboard */ = {
			isa = PBXVariantGroup;
			children = (
				C0301DA82B8CFC1B00F49706 /* Base */,
			);
			name = Main.storyboard;
			sourceTree = "<group>";
		};
		C0301DAC2B8CFC1C00F49706 /* LaunchScreen.storyboard */ = {
			isa = PBXVariantGroup;
			children = (
				C0301DAD2B8CFC1C00F49706 /* Base */,
			);
			name = LaunchScreen.storyboard;
			sourceTree = "<group>";
		};
/* End PBXVariantGroup section */

/* Begin XCBuildConfiguration section */
		C02E5B092C0880760058C6C5 /* Debug */ = {
			isa = XCBuildConfiguration;
			buildSettings = {
				BUNDLE_LOADER = "$(TEST_HOST)";
				CODE_SIGN_STYLE = Automatic;
				CURRENT_PROJECT_VERSION = 1;
				DEVELOPMENT_TEAM = PQ82KF7KP4;
				GENERATE_INFOPLIST_FILE = YES;
				IPHONEOS_DEPLOYMENT_TARGET = 17.5;
				MARKETING_VERSION = 1.0;
				PRODUCT_BUNDLE_IDENTIFIER = com.batuhanberkertekin.NewsAppTests;
				PRODUCT_NAME = "$(TARGET_NAME)";
				SWIFT_EMIT_LOC_STRINGS = NO;
				SWIFT_VERSION = 5.0;
				TARGETED_DEVICE_FAMILY = "1,2";
				TEST_HOST = "$(BUILT_PRODUCTS_DIR)/NewsApp.app/$(BUNDLE_EXECUTABLE_FOLDER_PATH)/NewsApp";
			};
			name = Debug;
		};
		C02E5B0A2C0880760058C6C5 /* Release */ = {
			isa = XCBuildConfiguration;
			buildSettings = {
				BUNDLE_LOADER = "$(TEST_HOST)";
				CODE_SIGN_STYLE = Automatic;
				CURRENT_PROJECT_VERSION = 1;
				DEVELOPMENT_TEAM = PQ82KF7KP4;
				GENERATE_INFOPLIST_FILE = YES;
				IPHONEOS_DEPLOYMENT_TARGET = 17.5;
				MARKETING_VERSION = 1.0;
				PRODUCT_BUNDLE_IDENTIFIER = com.batuhanberkertekin.NewsAppTests;
				PRODUCT_NAME = "$(TARGET_NAME)";
				SWIFT_EMIT_LOC_STRINGS = NO;
				SWIFT_VERSION = 5.0;
				TARGETED_DEVICE_FAMILY = "1,2";
				TEST_HOST = "$(BUILT_PRODUCTS_DIR)/NewsApp.app/$(BUNDLE_EXECUTABLE_FOLDER_PATH)/NewsApp";
			};
			name = Release;
		};
		C0301DB02B8CFC1C00F49706 /* Debug */ = {
			isa = XCBuildConfiguration;
			buildSettings = {
				ALWAYS_SEARCH_USER_PATHS = NO;
				ASSETCATALOG_COMPILER_GENERATE_SWIFT_ASSET_SYMBOL_EXTENSIONS = YES;
				CLANG_ANALYZER_NONNULL = YES;
				CLANG_ANALYZER_NUMBER_OBJECT_CONVERSION = YES_AGGRESSIVE;
				CLANG_CXX_LANGUAGE_STANDARD = "gnu++20";
				CLANG_ENABLE_MODULES = YES;
				CLANG_ENABLE_OBJC_ARC = YES;
				CLANG_ENABLE_OBJC_WEAK = YES;
				CLANG_WARN_BLOCK_CAPTURE_AUTORELEASING = YES;
				CLANG_WARN_BOOL_CONVERSION = YES;
				CLANG_WARN_COMMA = YES;
				CLANG_WARN_CONSTANT_CONVERSION = YES;
				CLANG_WARN_DEPRECATED_OBJC_IMPLEMENTATIONS = YES;
				CLANG_WARN_DIRECT_OBJC_ISA_USAGE = YES_ERROR;
				CLANG_WARN_DOCUMENTATION_COMMENTS = YES;
				CLANG_WARN_EMPTY_BODY = YES;
				CLANG_WARN_ENUM_CONVERSION = YES;
				CLANG_WARN_INFINITE_RECURSION = YES;
				CLANG_WARN_INT_CONVERSION = YES;
				CLANG_WARN_NON_LITERAL_NULL_CONVERSION = YES;
				CLANG_WARN_OBJC_IMPLICIT_RETAIN_SELF = YES;
				CLANG_WARN_OBJC_LITERAL_CONVERSION = YES;
				CLANG_WARN_OBJC_ROOT_CLASS = YES_ERROR;
				CLANG_WARN_QUOTED_INCLUDE_IN_FRAMEWORK_HEADER = YES;
				CLANG_WARN_RANGE_LOOP_ANALYSIS = YES;
				CLANG_WARN_STRICT_PROTOTYPES = YES;
				CLANG_WARN_SUSPICIOUS_MOVE = YES;
				CLANG_WARN_UNGUARDED_AVAILABILITY = YES_AGGRESSIVE;
				CLANG_WARN_UNREACHABLE_CODE = YES;
				CLANG_WARN__DUPLICATE_METHOD_MATCH = YES;
				COPY_PHASE_STRIP = NO;
				DEBUG_INFORMATION_FORMAT = dwarf;
				ENABLE_STRICT_OBJC_MSGSEND = YES;
				ENABLE_TESTABILITY = YES;
				ENABLE_USER_SCRIPT_SANDBOXING = YES;
				GCC_C_LANGUAGE_STANDARD = gnu17;
				GCC_DYNAMIC_NO_PIC = NO;
				GCC_NO_COMMON_BLOCKS = YES;
				GCC_OPTIMIZATION_LEVEL = 0;
				GCC_PREPROCESSOR_DEFINITIONS = (
					"DEBUG=1",
					"$(inherited)",
				);
				GCC_WARN_64_TO_32_BIT_CONVERSION = YES;
				GCC_WARN_ABOUT_RETURN_TYPE = YES_ERROR;
				GCC_WARN_UNDECLARED_SELECTOR = YES;
				GCC_WARN_UNINITIALIZED_AUTOS = YES_AGGRESSIVE;
				GCC_WARN_UNUSED_FUNCTION = YES;
				GCC_WARN_UNUSED_VARIABLE = YES;
				IPHONEOS_DEPLOYMENT_TARGET = 17.2;
				LOCALIZATION_PREFERS_STRING_CATALOGS = YES;
				MTL_ENABLE_DEBUG_INFO = INCLUDE_SOURCE;
				MTL_FAST_MATH = YES;
				ONLY_ACTIVE_ARCH = YES;
				SDKROOT = iphoneos;
				SWIFT_ACTIVE_COMPILATION_CONDITIONS = "DEBUG $(inherited)";
				SWIFT_OPTIMIZATION_LEVEL = "-Onone";
			};
			name = Debug;
		};
		C0301DB12B8CFC1C00F49706 /* Release */ = {
			isa = XCBuildConfiguration;
			buildSettings = {
				ALWAYS_SEARCH_USER_PATHS = NO;
				ASSETCATALOG_COMPILER_GENERATE_SWIFT_ASSET_SYMBOL_EXTENSIONS = YES;
				CLANG_ANALYZER_NONNULL = YES;
				CLANG_ANALYZER_NUMBER_OBJECT_CONVERSION = YES_AGGRESSIVE;
				CLANG_CXX_LANGUAGE_STANDARD = "gnu++20";
				CLANG_ENABLE_MODULES = YES;
				CLANG_ENABLE_OBJC_ARC = YES;
				CLANG_ENABLE_OBJC_WEAK = YES;
				CLANG_WARN_BLOCK_CAPTURE_AUTORELEASING = YES;
				CLANG_WARN_BOOL_CONVERSION = YES;
				CLANG_WARN_COMMA = YES;
				CLANG_WARN_CONSTANT_CONVERSION = YES;
				CLANG_WARN_DEPRECATED_OBJC_IMPLEMENTATIONS = YES;
				CLANG_WARN_DIRECT_OBJC_ISA_USAGE = YES_ERROR;
				CLANG_WARN_DOCUMENTATION_COMMENTS = YES;
				CLANG_WARN_EMPTY_BODY = YES;
				CLANG_WARN_ENUM_CONVERSION = YES;
				CLANG_WARN_INFINITE_RECURSION = YES;
				CLANG_WARN_INT_CONVERSION = YES;
				CLANG_WARN_NON_LITERAL_NULL_CONVERSION = YES;
				CLANG_WARN_OBJC_IMPLICIT_RETAIN_SELF = YES;
				CLANG_WARN_OBJC_LITERAL_CONVERSION = YES;
				CLANG_WARN_OBJC_ROOT_CLASS = YES_ERROR;
				CLANG_WARN_QUOTED_INCLUDE_IN_FRAMEWORK_HEADER = YES;
				CLANG_WARN_RANGE_LOOP_ANALYSIS = YES;
				CLANG_WARN_STRICT_PROTOTYPES = YES;
				CLANG_WARN_SUSPICIOUS_MOVE = YES;
				CLANG_WARN_UNGUARDED_AVAILABILITY = YES_AGGRESSIVE;
				CLANG_WARN_UNREACHABLE_CODE = YES;
				CLANG_WARN__DUPLICATE_METHOD_MATCH = YES;
				COPY_PHASE_STRIP = NO;
				DEBUG_INFORMATION_FORMAT = "dwarf-with-dsym";
				ENABLE_NS_ASSERTIONS = NO;
				ENABLE_STRICT_OBJC_MSGSEND = YES;
				ENABLE_USER_SCRIPT_SANDBOXING = YES;
				GCC_C_LANGUAGE_STANDARD = gnu17;
				GCC_NO_COMMON_BLOCKS = YES;
				GCC_WARN_64_TO_32_BIT_CONVERSION = YES;
				GCC_WARN_ABOUT_RETURN_TYPE = YES_ERROR;
				GCC_WARN_UNDECLARED_SELECTOR = YES;
				GCC_WARN_UNINITIALIZED_AUTOS = YES_AGGRESSIVE;
				GCC_WARN_UNUSED_FUNCTION = YES;
				GCC_WARN_UNUSED_VARIABLE = YES;
				IPHONEOS_DEPLOYMENT_TARGET = 17.2;
				LOCALIZATION_PREFERS_STRING_CATALOGS = YES;
				MTL_ENABLE_DEBUG_INFO = NO;
				MTL_FAST_MATH = YES;
				SDKROOT = iphoneos;
				SWIFT_COMPILATION_MODE = wholemodule;
				VALIDATE_PRODUCT = YES;
			};
			name = Release;
		};
		C0301DB32B8CFC1C00F49706 /* Debug */ = {
			isa = XCBuildConfiguration;
			buildSettings = {
				ASSETCATALOG_COMPILER_APPICON_NAME = AppIcon;
				ASSETCATALOG_COMPILER_GLOBAL_ACCENT_COLOR_NAME = AccentColor;
				CLANG_ENABLE_MODULES = YES;
				CODE_SIGN_STYLE = Automatic;
				CURRENT_PROJECT_VERSION = 1;
				DEVELOPMENT_TEAM = PQ82KF7KP4;
				GENERATE_INFOPLIST_FILE = YES;
				INFOPLIST_FILE = NewsApp/Info.plist;
				INFOPLIST_KEY_CFBundleDisplayName = News;
				INFOPLIST_KEY_LSApplicationCategoryType = "public.app-category.developer-tools";
				INFOPLIST_KEY_UIApplicationSupportsIndirectInputEvents = YES;
				INFOPLIST_KEY_UILaunchStoryboardName = LaunchScreen;
				INFOPLIST_KEY_UIMainStoryboardFile = Main;
				INFOPLIST_KEY_UISupportedInterfaceOrientations_iPad = "UIInterfaceOrientationPortrait UIInterfaceOrientationPortraitUpsideDown UIInterfaceOrientationLandscapeLeft UIInterfaceOrientationLandscapeRight";
				INFOPLIST_KEY_UISupportedInterfaceOrientations_iPhone = "UIInterfaceOrientationPortrait UIInterfaceOrientationLandscapeLeft UIInterfaceOrientationLandscapeRight";
				LD_RUNPATH_SEARCH_PATHS = (
					"$(inherited)",
					"@executable_path/Frameworks",
				);
				MARKETING_VERSION = 1.0;
				PRODUCT_BUNDLE_IDENTIFIER = com.batuhanberkertekin.NewsApp;
				PRODUCT_NAME = "$(TARGET_NAME)";
				SWIFT_EMIT_LOC_STRINGS = YES;
				SWIFT_OBJC_BRIDGING_HEADER = "NewsApp-Bridging-Header.h";
				SWIFT_OPTIMIZATION_LEVEL = "-Onone";
				SWIFT_VERSION = 5.0;
				TARGETED_DEVICE_FAMILY = "1,2";
			};
			name = Debug;
		};
		C0301DB42B8CFC1C00F49706 /* Release */ = {
			isa = XCBuildConfiguration;
			buildSettings = {
				ASSETCATALOG_COMPILER_APPICON_NAME = AppIcon;
				ASSETCATALOG_COMPILER_GLOBAL_ACCENT_COLOR_NAME = AccentColor;
				CLANG_ENABLE_MODULES = YES;
				CODE_SIGN_STYLE = Automatic;
				CURRENT_PROJECT_VERSION = 1;
				DEVELOPMENT_TEAM = PQ82KF7KP4;
				GENERATE_INFOPLIST_FILE = YES;
				INFOPLIST_FILE = NewsApp/Info.plist;
				INFOPLIST_KEY_CFBundleDisplayName = News;
				INFOPLIST_KEY_LSApplicationCategoryType = "public.app-category.developer-tools";
				INFOPLIST_KEY_UIApplicationSupportsIndirectInputEvents = YES;
				INFOPLIST_KEY_UILaunchStoryboardName = LaunchScreen;
				INFOPLIST_KEY_UIMainStoryboardFile = Main;
				INFOPLIST_KEY_UISupportedInterfaceOrientations_iPad = "UIInterfaceOrientationPortrait UIInterfaceOrientationPortraitUpsideDown UIInterfaceOrientationLandscapeLeft UIInterfaceOrientationLandscapeRight";
				INFOPLIST_KEY_UISupportedInterfaceOrientations_iPhone = "UIInterfaceOrientationPortrait UIInterfaceOrientationLandscapeLeft UIInterfaceOrientationLandscapeRight";
				LD_RUNPATH_SEARCH_PATHS = (
					"$(inherited)",
					"@executable_path/Frameworks",
				);
				MARKETING_VERSION = 1.0;
				PRODUCT_BUNDLE_IDENTIFIER = com.batuhanberkertekin.NewsApp;
				PRODUCT_NAME = "$(TARGET_NAME)";
				SWIFT_EMIT_LOC_STRINGS = YES;
				SWIFT_OBJC_BRIDGING_HEADER = "NewsApp-Bridging-Header.h";
				SWIFT_VERSION = 5.0;
				TARGETED_DEVICE_FAMILY = "1,2";
			};
			name = Release;
		};
		C061D9D42BEF76B80005E337 /* Debug */ = {
			isa = XCBuildConfiguration;
			buildSettings = {
				CODE_SIGN_STYLE = Automatic;
				CURRENT_PROJECT_VERSION = 1;
				DEVELOPMENT_TEAM = PQ82KF7KP4;
				GENERATE_INFOPLIST_FILE = YES;
				IPHONEOS_DEPLOYMENT_TARGET = 17.4;
				MARKETING_VERSION = 1.0;
				PRODUCT_BUNDLE_IDENTIFIER = com.batuhanberkertekin.NewsAppUITests;
				PRODUCT_NAME = "$(TARGET_NAME)";
				SWIFT_EMIT_LOC_STRINGS = NO;
				SWIFT_VERSION = 5.0;
				TARGETED_DEVICE_FAMILY = "1,2";
				TEST_TARGET_NAME = NewsApp;
			};
			name = Debug;
		};
		C061D9D52BEF76B80005E337 /* Release */ = {
			isa = XCBuildConfiguration;
			buildSettings = {
				CODE_SIGN_STYLE = Automatic;
				CURRENT_PROJECT_VERSION = 1;
				DEVELOPMENT_TEAM = PQ82KF7KP4;
				GENERATE_INFOPLIST_FILE = YES;
				IPHONEOS_DEPLOYMENT_TARGET = 17.4;
				MARKETING_VERSION = 1.0;
				PRODUCT_BUNDLE_IDENTIFIER = com.batuhanberkertekin.NewsAppUITests;
				PRODUCT_NAME = "$(TARGET_NAME)";
				SWIFT_EMIT_LOC_STRINGS = NO;
				SWIFT_VERSION = 5.0;
				TARGETED_DEVICE_FAMILY = "1,2";
				TEST_TARGET_NAME = NewsApp;
			};
			name = Release;
		};
/* End XCBuildConfiguration section */

/* Begin XCConfigurationList section */
		C02E5B0B2C0880760058C6C5 /* Build configuration list for PBXNativeTarget "NewsAppTests" */ = {
			isa = XCConfigurationList;
			buildConfigurations = (
				C02E5B092C0880760058C6C5 /* Debug */,
				C02E5B0A2C0880760058C6C5 /* Release */,
			);
			defaultConfigurationIsVisible = 0;
			defaultConfigurationName = Release;
		};
		C0301D992B8CFC1B00F49706 /* Build configuration list for PBXProject "NewsApp" */ = {
			isa = XCConfigurationList;
			buildConfigurations = (
				C0301DB02B8CFC1C00F49706 /* Debug */,
				C0301DB12B8CFC1C00F49706 /* Release */,
			);
			defaultConfigurationIsVisible = 0;
			defaultConfigurationName = Release;
		};
		C0301DB22B8CFC1C00F49706 /* Build configuration list for PBXNativeTarget "NewsApp" */ = {
			isa = XCConfigurationList;
			buildConfigurations = (
				C0301DB32B8CFC1C00F49706 /* Debug */,
				C0301DB42B8CFC1C00F49706 /* Release */,
			);
			defaultConfigurationIsVisible = 0;
			defaultConfigurationName = Release;
		};
		C061D9D32BEF76B80005E337 /* Build configuration list for PBXNativeTarget "NewsAppUITests" */ = {
			isa = XCConfigurationList;
			buildConfigurations = (
				C061D9D42BEF76B80005E337 /* Debug */,
				C061D9D52BEF76B80005E337 /* Release */,
			);
			defaultConfigurationIsVisible = 0;
			defaultConfigurationName = Release;
		};
/* End XCConfigurationList section */

/* Begin XCRemoteSwiftPackageReference section */
		C06E0E622BA08C6800D74406 /* XCRemoteSwiftPackageReference "RxSwift" */ = {
			isa = XCRemoteSwiftPackageReference;
			repositoryURL = "https://github.com/ReactiveX/RxSwift";
			requirement = {
				kind = upToNextMajorVersion;
				minimumVersion = 6.6.0;
			};
		};
		C079C5B92BF15F54004EE6DC /* XCRemoteSwiftPackageReference "generative-ai-swift" */ = {
			isa = XCRemoteSwiftPackageReference;
			repositoryURL = "https://github.com/google-gemini/generative-ai-swift";
			requirement = {
				kind = upToNextMajorVersion;
				minimumVersion = 0.5.2;
			};
		};
		C0C7ECD12B9C54300098C4A9 /* XCRemoteSwiftPackageReference "firebase-ios-sdk" */ = {
			isa = XCRemoteSwiftPackageReference;
			repositoryURL = "https://github.com/firebase/firebase-ios-sdk.git";
			requirement = {
				kind = upToNextMajorVersion;
				minimumVersion = 10.22.1;
			};
		};
		C0DD7F5A2BE24E7B00F0AE4D /* XCRemoteSwiftPackageReference "Kingfisher" */ = {
			isa = XCRemoteSwiftPackageReference;
			repositoryURL = "https://github.com/onevcat/Kingfisher.git";
			requirement = {
				kind = upToNextMajorVersion;
				minimumVersion = 7.11.0;
			};
		};
		C0E1FC392BE1264900D3745D /* XCRemoteSwiftPackageReference "SDWebImage" */ = {
			isa = XCRemoteSwiftPackageReference;
			repositoryURL = "https://github.com/SDWebImage/SDWebImage";
			requirement = {
				kind = upToNextMajorVersion;
				minimumVersion = 5.19.1;
			};
		};
/* End XCRemoteSwiftPackageReference section */

/* Begin XCSwiftPackageProductDependency section */
		C06E0E632BA08C8100D74406 /* RxSwift */ = {
			isa = XCSwiftPackageProductDependency;
			package = C06E0E622BA08C6800D74406 /* XCRemoteSwiftPackageReference "RxSwift" */;
			productName = RxSwift;
		};
		C079C5B72BF15F3C004EE6DC /* FirebaseFirestore */ = {
			isa = XCSwiftPackageProductDependency;
			package = C0C7ECD12B9C54300098C4A9 /* XCRemoteSwiftPackageReference "firebase-ios-sdk" */;
			productName = FirebaseFirestore;
		};
		C079C5BA2BF15F5D004EE6DC /* GoogleGenerativeAI */ = {
			isa = XCSwiftPackageProductDependency;
			package = C079C5B92BF15F54004EE6DC /* XCRemoteSwiftPackageReference "generative-ai-swift" */;
			productName = GoogleGenerativeAI;
		};
		C0C7ECD22B9C54300098C4A9 /* FirebaseAnalytics */ = {
			isa = XCSwiftPackageProductDependency;
			package = C0C7ECD12B9C54300098C4A9 /* XCRemoteSwiftPackageReference "firebase-ios-sdk" */;
			productName = FirebaseAnalytics;
		};
		C0C7ECD42B9C54300098C4A9 /* FirebaseAnalyticsOnDeviceConversion */ = {
			isa = XCSwiftPackageProductDependency;
			package = C0C7ECD12B9C54300098C4A9 /* XCRemoteSwiftPackageReference "firebase-ios-sdk" */;
			productName = FirebaseAnalyticsOnDeviceConversion;
		};
		C0C7ECDD2B9C545A0098C4A9 /* FirebaseAuth */ = {
			isa = XCSwiftPackageProductDependency;
			package = C0C7ECD12B9C54300098C4A9 /* XCRemoteSwiftPackageReference "firebase-ios-sdk" */;
			productName = FirebaseAuth;
		};
		C0C7ECDF2B9C546B0098C4A9 /* FirebaseFirestore */ = {
			isa = XCSwiftPackageProductDependency;
			package = C0C7ECD12B9C54300098C4A9 /* XCRemoteSwiftPackageReference "firebase-ios-sdk" */;
			productName = FirebaseFirestore;
		};
		C0C7ECE12B9C547A0098C4A9 /* FirebaseStorage */ = {
			isa = XCSwiftPackageProductDependency;
			package = C0C7ECD12B9C54300098C4A9 /* XCRemoteSwiftPackageReference "firebase-ios-sdk" */;
			productName = FirebaseStorage;
		};
		C0D1CAAC2BF15FFE0065D9E9 /* GoogleGenerativeAI */ = {
			isa = XCSwiftPackageProductDependency;
			package = C079C5B92BF15F54004EE6DC /* XCRemoteSwiftPackageReference "generative-ai-swift" */;
			productName = GoogleGenerativeAI;
		};
		C0E1FC3A2BE1264900D3745D /* SDWebImage */ = {
			isa = XCSwiftPackageProductDependency;
			package = C0E1FC392BE1264900D3745D /* XCRemoteSwiftPackageReference "SDWebImage" */;
			productName = SDWebImage;
		};
/* End XCSwiftPackageProductDependency section */

/* Begin XCVersionGroup section */
		C02B2B582BCEC246005A57E7 /* NewsModel.xcdatamodeld */ = {
			isa = XCVersionGroup;
			children = (
				C02B2B592BCEC246005A57E7 /* NewsModel.xcdatamodel */,
			);
			currentVersion = C02B2B592BCEC246005A57E7 /* NewsModel.xcdatamodel */;
			name = NewsModel.xcdatamodeld;
			path = "/Users/berk/Desktop/News-App/NewsApp/NewsApp/NewsModel.xcdatamodeld";
			sourceTree = "<group>";
			versionGroupType = wrapper.xcdatamodel;
		};
/* End XCVersionGroup section */
	};
	rootObject = C0301D962B8CFC1B00F49706 /* Project object */;
}
